
Microsoft Visual Studio Solution File, Format Version 12.00
# Visual Studio Version 17
VisualStudioVersion = 17.6.33815.320
MinimumVisualStudioVersion = 10.0.40219.1
Project("{9A19103F-16F7-4668-BE54-9A1E7A4F7556}") = "CityTrivia.WebApi", "CityTrivia.WebApi\CityTrivia.WebApi.csproj", "{402862E7-5C1E-4C1B-8461-C77BA50F73D8}"
EndProject
Project("{2150E333-8FDC-42A3-9474-1A3956D46DE8}") = "Infrastructure", "Infrastructure", "{9A25D672-1E5D-4D05-ACAE-FA3E99A33C1D}"
EndProject
Project("{2150E333-8FDC-42A3-9474-1A3956D46DE8}") = "Domain", "Domain", "{182B4B9B-22D4-448D-90AE-7AB8E4665DE1}"
EndProject
Project("{9A19103F-16F7-4668-BE54-9A1E7A4F7556}") = "CityTrivia.Infrastructure", "CityTrivia.Infrastructure\CityTrivia.Infrastructure.csproj", "{531288BF-015A-4AC5-A182-348C0915F77C}"
EndProject
Project("{9A19103F-16F7-4668-BE54-9A1E7A4F7556}") = "CityTrivia.DataAccess", "CityTrivia.DataAccess\CityTrivia.DataAccess.csproj", "{95182137-EACB-4D28-850C-E0BC10D07BD2}"
EndProject
Project("{FAE04EC0-301F-11D3-BF4B-00C04F79EFBC}") = "CitiesTrivia.UseCases", "CitiesTrivia.UseCases\CitiesTrivia.UseCases.csproj", "{F9A62E49-B8A8-4C57-A2C2-26FCF0741A7E}"
EndProject
Global
	GlobalSection(SolutionConfigurationPlatforms) = preSolution
		Debug|Any CPU = Debug|Any CPU
		Release|Any CPU = Release|Any CPU
	EndGlobalSection
	GlobalSection(ProjectConfigurationPlatforms) = postSolution
		{402862E7-5C1E-4C1B-8461-C77BA50F73D8}.Debug|Any CPU.ActiveCfg = Debug|Any CPU
		{402862E7-5C1E-4C1B-8461-C77BA50F73D8}.Debug|Any CPU.Build.0 = Debug|Any CPU
		{402862E7-5C1E-4C1B-8461-C77BA50F73D8}.Release|Any CPU.ActiveCfg = Release|Any CPU
		{402862E7-5C1E-4C1B-8461-C77BA50F73D8}.Release|Any CPU.Build.0 = Release|Any CPU
		{531288BF-015A-4AC5-A182-348C0915F77C}.Debug|Any CPU.ActiveCfg = Debug|Any CPU
		{531288BF-015A-4AC5-A182-348C0915F77C}.Debug|Any CPU.Build.0 = Debug|Any CPU
		{531288BF-015A-4AC5-A182-348C0915F77C}.Release|Any CPU.ActiveCfg = Release|Any CPU
		{531288BF-015A-4AC5-A182-348C0915F77C}.Release|Any CPU.Build.0 = Release|Any CPU
		{95182137-EACB-4D28-850C-E0BC10D07BD2}.Debug|Any CPU.ActiveCfg = Debug|Any CPU
		{95182137-EACB-4D28-850C-E0BC10D07BD2}.Debug|Any CPU.Build.0 = Debug|Any CPU
		{95182137-EACB-4D28-850C-E0BC10D07BD2}.Release|Any CPU.ActiveCfg = Release|Any CPU
		{95182137-EACB-4D28-850C-E0BC10D07BD2}.Release|Any CPU.Build.0 = Release|Any CPU
		{F9A62E49-B8A8-4C57-A2C2-26FCF0741A7E}.Debug|Any CPU.ActiveCfg = Debug|Any CPU
		{F9A62E49-B8A8-4C57-A2C2-26FCF0741A7E}.Debug|Any CPU.Build.0 = Debug|Any CPU
		{F9A62E49-B8A8-4C57-A2C2-26FCF0741A7E}.Release|Any CPU.ActiveCfg = Release|Any CPU
		{F9A62E49-B8A8-4C57-A2C2-26FCF0741A7E}.Release|Any CPU.Build.0 = Release|Any CPU
	EndGlobalSection
	GlobalSection(SolutionProperties) = preSolution
		HideSolutionNode = FALSE
	EndGlobalSection
	GlobalSection(NestedProjects) = preSolution
		{531288BF-015A-4AC5-A182-348C0915F77C} = {9A25D672-1E5D-4D05-ACAE-FA3E99A33C1D}
		{95182137-EACB-4D28-850C-E0BC10D07BD2} = {182B4B9B-22D4-448D-90AE-7AB8E4665DE1}
		{F9A62E49-B8A8-4C57-A2C2-26FCF0741A7E} = {182B4B9B-22D4-448D-90AE-7AB8E4665DE1}
	EndGlobalSection
	GlobalSection(ExtensibilityGlobals) = postSolution
		SolutionGuid = {9D93FB68-2C95-43C5-BBB9-2FFADAA48DD3}
	EndGlobalSection
EndGlobal
